# This file is automatically @generated by Cargo.
# It is not intended for manual editing.
version = 4

[[package]]
name = "capscreen_macos"
version = "0.1.3"
source = "registry+https://github.com/rust-lang/crates.io-index"
checksum = "e1bf3fffdeae81d8dd19429b62ec95bdbc726e8ff65652c2c2c0a7e03537f21f"

[[package]]
name = "test_capscreen"
version = "0.1.0"
dependencies = [
 "capscreen_macos",
]
